
Microsoft Visual Studio Solution File, Format Version 12.00
# Visual Studio 2013
VisualStudioVersion = 12.0.31101.0
MinimumVisualStudioVersion = 10.0.40219.1
Project("{FAE04EC0-301F-11D3-BF4B-00C04F79EFBC}") = "LicenseManager", "LicenseManager\LicenseManager.csproj", "{EB516990-7352-4AE5-8CF9-2AA12D0EED4E}"
EndProject
Project("{FAE04EC0-301F-11D3-BF4B-00C04F79EFBC}") = "LicenseManager.Tests", "LicenseManager.Tests\LicenseManager.Tests.csproj", "{7FAF597F-0CD7-4D89-9B7D-ABA836D2FF3C}"
EndProject
Global
	GlobalSection(SolutionConfigurationPlatforms) = preSolution
		Debug|Any CPU = Debug|Any CPU
		Release|Any CPU = Release|Any CPU
	EndGlobalSection
	GlobalSection(ProjectConfigurationPlatforms) = postSolution
		{EB516990-7352-4AE5-8CF9-2AA12D0EED4E}.Debug|Any CPU.ActiveCfg = Debug|Any CPU
		{EB516990-7352-4AE5-8CF9-2AA12D0EED4E}.Debug|Any CPU.Build.0 = Debug|Any CPU
		{EB516990-7352-4AE5-8CF9-2AA12D0EED4E}.Release|Any CPU.ActiveCfg = Release|Any CPU
		{EB516990-7352-4AE5-8CF9-2AA12D0EED4E}.Release|Any CPU.Build.0 = Release|Any CPU
		{7FAF597F-0CD7-4D89-9B7D-ABA836D2FF3C}.Debug|Any CPU.ActiveCfg = Debug|Any CPU
		{7FAF597F-0CD7-4D89-9B7D-ABA836D2FF3C}.Debug|Any CPU.Build.0 = Debug|Any CPU
		{7FAF597F-0CD7-4D89-9B7D-ABA836D2FF3C}.Release|Any CPU.ActiveCfg = Release|Any CPU
		{7FAF597F-0CD7-4D89-9B7D-ABA836D2FF3C}.Release|Any CPU.Build.0 = Release|Any CPU
	EndGlobalSection
	GlobalSection(SolutionProperties) = preSolution
		HideSolutionNode = FALSE
	EndGlobalSection
EndGlobal
